// !$*UTF8*$!
{
	archiveVersion = 1;
	classes = {
	};
	objectVersion = 56;
	objects = {

/* Begin PBXBuildFile section */
		30E6D3D62BD8110700E31540 /* pokedexApp.swift in Sources */ = {isa = PBXBuildFile; fileRef = 30E6D3D52BD8110700E31540 /* pokedexApp.swift */; };
		30E6D3D82BD8110700E31540 /* ContentView.swift in Sources */ = {isa = PBXBuildFile; fileRef = 30E6D3D72BD8110700E31540 /* ContentView.swift */; };
		30E6D3DA2BD8110B00E31540 /* Assets.xcassets in Resources */ = {isa = PBXBuildFile; fileRef = 30E6D3D92BD8110B00E31540 /* Assets.xcassets */; };
		30E6D3DD2BD8110B00E31540 /* Preview Assets.xcassets in Resources */ = {isa = PBXBuildFile; fileRef = 30E6D3DC2BD8110B00E31540 /* Preview Assets.xcassets */; };
		30E6D3EA2BD8248300E31540 /* OnBoardingView.swift in Sources */ = {isa = PBXBuildFile; fileRef = 30E6D3E92BD8248300E31540 /* OnBoardingView.swift */; };
		30E6D3F62BD8410C00E31540 /* OnBoardingViewModel.swift in Sources */ = {isa = PBXBuildFile; fileRef = 30E6D3F52BD8410C00E31540 /* OnBoardingViewModel.swift */; };
		30E6D3F82BD8426100E31540 /* OnBoardingTab.swift in Sources */ = {isa = PBXBuildFile; fileRef = 30E6D3F72BD8426100E31540 /* OnBoardingTab.swift */; };
		30E6D3FA2BD8446800E31540 /* TabOneView.swift in Sources */ = {isa = PBXBuildFile; fileRef = 30E6D3F92BD8446800E31540 /* TabOneView.swift */; };
/* End PBXBuildFile section */

/* Begin PBXFileReference section */
		30E6D3D22BD8110700E31540 /* pokedex.app */ = {isa = PBXFileReference; explicitFileType = wrapper.application; includeInIndex = 0; path = pokedex.app; sourceTree = BUILT_PRODUCTS_DIR; };
		30E6D3D52BD8110700E31540 /* pokedexApp.swift */ = {isa = PBXFileReference; lastKnownFileType = sourcecode.swift; path = pokedexApp.swift; sourceTree = "<group>"; };
		30E6D3D72BD8110700E31540 /* ContentView.swift */ = {isa = PBXFileReference; lastKnownFileType = sourcecode.swift; path = ContentView.swift; sourceTree = "<group>"; };
		30E6D3D92BD8110B00E31540 /* Assets.xcassets */ = {isa = PBXFileReference; lastKnownFileType = folder.assetcatalog; path = Assets.xcassets; sourceTree = "<group>"; };
		30E6D3DC2BD8110B00E31540 /* Preview Assets.xcassets */ = {isa = PBXFileReference; lastKnownFileType = folder.assetcatalog; path = "Preview Assets.xcassets"; sourceTree = "<group>"; };
		30E6D3E92BD8248300E31540 /* OnBoardingView.swift */ = {isa = PBXFileReference; lastKnownFileType = sourcecode.swift; path = OnBoardingView.swift; sourceTree = "<group>"; };
		30E6D3ED2BD82B6F00E31540 /* Poppins-SemiBold.ttf */ = {isa = PBXFileReference; lastKnownFileType = file; path = "Poppins-SemiBold.ttf"; sourceTree = "<group>"; };
		30E6D3EE2BD82B6F00E31540 /* Poppins-Regular.ttf */ = {isa = PBXFileReference; lastKnownFileType = file; path = "Poppins-Regular.ttf"; sourceTree = "<group>"; };
		30E6D3EF2BD82B6F00E31540 /* Poppins-Medium.ttf */ = {isa = PBXFileReference; lastKnownFileType = file; path = "Poppins-Medium.ttf"; sourceTree = "<group>"; };
		30E6D3F02BD82B6F00E31540 /* Poppins-Italic.ttf */ = {isa = PBXFileReference; lastKnownFileType = file; path = "Poppins-Italic.ttf"; sourceTree = "<group>"; };
		30E6D3F12BD82B6F00E31540 /* Poppins-Bold.ttf */ = {isa = PBXFileReference; lastKnownFileType = file; path = "Poppins-Bold.ttf"; sourceTree = "<group>"; };
		30E6D3F22BD82BAA00E31540 /* Info.plist */ = {isa = PBXFileReference; lastKnownFileType = text.plist; path = Info.plist; sourceTree = "<group>"; };
		30E6D3F52BD8410C00E31540 /* OnBoardingViewModel.swift */ = {isa = PBXFileReference; lastKnownFileType = sourcecode.swift; path = OnBoardingViewModel.swift; sourceTree = "<group>"; };
		30E6D3F72BD8426100E31540 /* OnBoardingTab.swift */ = {isa = PBXFileReference; lastKnownFileType = sourcecode.swift; path = OnBoardingTab.swift; sourceTree = "<group>"; };
		30E6D3F92BD8446800E31540 /* TabOneView.swift */ = {isa = PBXFileReference; lastKnownFileType = sourcecode.swift; path = TabOneView.swift; sourceTree = "<group>"; };
/* End PBXFileReference section */

/* Begin PBXFrameworksBuildPhase section */
		30E6D3CF2BD8110700E31540 /* Frameworks */ = {
			isa = PBXFrameworksBuildPhase;
			buildActionMask = 2147483647;
			files = (
			);
			runOnlyForDeploymentPostprocessing = 0;
		};
/* End PBXFrameworksBuildPhase section */

/* Begin PBXGroup section */
		30E6D3C92BD8110700E31540 = {
			isa = PBXGroup;
			children = (
				30E6D3D42BD8110700E31540 /* pokedex */,
				30E6D3D32BD8110700E31540 /* Products */,
			);
			sourceTree = "<group>";
		};
		30E6D3D32BD8110700E31540 /* Products */ = {
			isa = PBXGroup;
			children = (
				30E6D3D22BD8110700E31540 /* pokedex.app */,
			);
			name = Products;
			sourceTree = "<group>";
		};
		30E6D3D42BD8110700E31540 /* pokedex */ = {
			isa = PBXGroup;
			children = (
				30E6D3F22BD82BAA00E31540 /* Info.plist */,
				30E6D3E32BD8115500E31540 /* Onboarding */,
				30E6D3EB2BD82B1D00E31540 /* Utils */,
				30E6D3D52BD8110700E31540 /* pokedexApp.swift */,
				30E6D3D72BD8110700E31540 /* ContentView.swift */,
				30E6D3DB2BD8110B00E31540 /* Preview Content */,
			);
			path = pokedex;
			sourceTree = "<group>";
		};
		30E6D3DB2BD8110B00E31540 /* Preview Content */ = {
			isa = PBXGroup;
			children = (
				30E6D3DC2BD8110B00E31540 /* Preview Assets.xcassets */,
			);
			path = "Preview Content";
			sourceTree = "<group>";
		};
		30E6D3E32BD8115500E31540 /* Onboarding */ = {
			isa = PBXGroup;
			children = (
				30E6D3E62BD8116E00E31540 /* ViewModel */,
				30E6D3E52BD8116900E31540 /* Model */,
				30E6D3E42BD8116100E31540 /* View */,
			);
			path = Onboarding;
			sourceTree = "<group>";
		};
		30E6D3E42BD8116100E31540 /* View */ = {
			isa = PBXGroup;
			children = (
				30E6D3E92BD8248300E31540 /* OnBoardingView.swift */,
				30E6D3F92BD8446800E31540 /* TabOneView.swift */,
			);
			path = View;
			sourceTree = "<group>";
		};
		30E6D3E52BD8116900E31540 /* Model */ = {
			isa = PBXGroup;
			children = (
				30E6D3F72BD8426100E31540 /* OnBoardingTab.swift */,
			);
			path = Model;
			sourceTree = "<group>";
		};
		30E6D3E62BD8116E00E31540 /* ViewModel */ = {
			isa = PBXGroup;
			children = (
				30E6D3F52BD8410C00E31540 /* OnBoardingViewModel.swift */,
			);
			path = ViewModel;
			sourceTree = "<group>";
		};
		30E6D3EB2BD82B1D00E31540 /* Utils */ = {
			isa = PBXGroup;
			children = (
				30E6D3EC2BD82B2600E31540 /* Fonts */,
				30E6D3D92BD8110B00E31540 /* Assets.xcassets */,
			);
			path = Utils;
			sourceTree = "<group>";
		};
		30E6D3EC2BD82B2600E31540 /* Fonts */ = {
			isa = PBXGroup;
			children = (
				30E6D3F12BD82B6F00E31540 /* Poppins-Bold.ttf */,
				30E6D3F02BD82B6F00E31540 /* Poppins-Italic.ttf */,
				30E6D3EF2BD82B6F00E31540 /* Poppins-Medium.ttf */,
				30E6D3EE2BD82B6F00E31540 /* Poppins-Regular.ttf */,
				30E6D3ED2BD82B6F00E31540 /* Poppins-SemiBold.ttf */,
			);
			path = Fonts;
			sourceTree = "<group>";
		};
/* End PBXGroup section */

/* Begin PBXNativeTarget section */
		30E6D3D12BD8110700E31540 /* pokedex */ = {
			isa = PBXNativeTarget;
			buildConfigurationList = 30E6D3E02BD8110B00E31540 /* Build configuration list for PBXNativeTarget "pokedex" */;
			buildPhases = (
				30E6D3CE2BD8110700E31540 /* Sources */,
				30E6D3CF2BD8110700E31540 /* Frameworks */,
				30E6D3D02BD8110700E31540 /* Resources */,
			);
			buildRules = (
			);
			dependencies = (
			);
			name = pokedex;
			productName = pokedex;
			productReference = 30E6D3D22BD8110700E31540 /* pokedex.app */;
			productType = "com.apple.product-type.application";
		};
/* End PBXNativeTarget section */

/* Begin PBXProject section */
		30E6D3CA2BD8110700E31540 /* Project object */ = {
			isa = PBXProject;
			attributes = {
				BuildIndependentTargetsInParallel = 1;
				LastSwiftUpdateCheck = 1530;
				LastUpgradeCheck = 1530;
				TargetAttributes = {
					30E6D3D12BD8110700E31540 = {
						CreatedOnToolsVersion = 15.3;
					};
				};
			};
			buildConfigurationList = 30E6D3CD2BD8110700E31540 /* Build configuration list for PBXProject "pokedex" */;
			compatibilityVersion = "Xcode 14.0";
			developmentRegion = en;
			hasScannedForEncodings = 0;
			knownRegions = (
				en,
				Base,
			);
			mainGroup = 30E6D3C92BD8110700E31540;
			productRefGroup = 30E6D3D32BD8110700E31540 /* Products */;
			projectDirPath = "";
			projectRoot = "";
			targets = (
				30E6D3D12BD8110700E31540 /* pokedex */,
			);
		};
/* End PBXProject section */

/* Begin PBXResourcesBuildPhase section */
		30E6D3D02BD8110700E31540 /* Resources */ = {
			isa = PBXResourcesBuildPhase;
			buildActionMask = 2147483647;
			files = (
				30E6D3DD2BD8110B00E31540 /* Preview Assets.xcassets in Resources */,
				30E6D3DA2BD8110B00E31540 /* Assets.xcassets in Resources */,
			);
			runOnlyForDeploymentPostprocessing = 0;
		};
/* End PBXResourcesBuildPhase section */

/* Begin PBXSourcesBuildPhase section */
		30E6D3CE2BD8110700E31540 /* Sources */ = {
			isa = PBXSourcesBuildPhase;
			buildActionMask = 2147483647;
			files = (
				30E6D3EA2BD8248300E31540 /* OnBoardingView.swift in Sources */,
				30E6D3FA2BD8446800E31540 /* TabOneView.swift in Sources */,
				30E6D3F82BD8426100E31540 /* OnBoardingTab.swift in Sources */,
				30E6D3D82BD8110700E31540 /* ContentView.swift in Sources */,
				30E6D3D62BD8110700E31540 /* pokedexApp.swift in Sources */,
				30E6D3F62BD8410C00E31540 /* OnBoardingViewModel.swift in Sources */,
			);
			runOnlyForDeploymentPostprocessing = 0;
		};
/* End PBXSourcesBuildPhase section */

/* Begin XCBuildConfiguration section */
		30E6D3DE2BD8110B00E31540 /* Debug */ = {
			isa = XCBuildConfiguration;
			buildSettings = {
				ALWAYS_SEARCH_USER_PATHS = NO;
				ASSETCATALOG_COMPILER_GENERATE_SWIFT_ASSET_SYMBOL_EXTENSIONS = YES;
				CLANG_ANALYZER_NONNULL = YES;
				CLANG_ANALYZER_NUMBER_OBJECT_CONVERSION = YES_AGGRESSIVE;
				CLANG_CXX_LANGUAGE_STANDARD = "gnu++20";
				CLANG_ENABLE_MODULES = YES;
				CLANG_ENABLE_OBJC_ARC = YES;
				CLANG_ENABLE_OBJC_WEAK = YES;
				CLANG_WARN_BLOCK_CAPTURE_AUTORELEASING = YES;
				CLANG_WARN_BOOL_CONVERSION = YES;
				CLANG_WARN_COMMA = YES;
				CLANG_WARN_CONSTANT_CONVERSION = YES;
				CLANG_WARN_DEPRECATED_OBJC_IMPLEMENTATIONS = YES;
				CLANG_WARN_DIRECT_OBJC_ISA_USAGE = YES_ERROR;
				CLANG_WARN_DOCUMENTATION_COMMENTS = YES;
				CLANG_WARN_EMPTY_BODY = YES;
				CLANG_WARN_ENUM_CONVERSION = YES;
				CLANG_WARN_INFINITE_RECURSION = YES;
				CLANG_WARN_INT_CONVERSION = YES;
				CLANG_WARN_NON_LITERAL_NULL_CONVERSION = YES;
				CLANG_WARN_OBJC_IMPLICIT_RETAIN_SELF = YES;
				CLANG_WARN_OBJC_LITERAL_CONVERSION = YES;
				CLANG_WARN_OBJC_ROOT_CLASS = YES_ERROR;
				CLANG_WARN_QUOTED_INCLUDE_IN_FRAMEWORK_HEADER = YES;
				CLANG_WARN_RANGE_LOOP_ANALYSIS = YES;
				CLANG_WARN_STRICT_PROTOTYPES = YES;
				CLANG_WARN_SUSPICIOUS_MOVE = YES;
				CLANG_WARN_UNGUARDED_AVAILABILITY = YES_AGGRESSIVE;
				CLANG_WARN_UNREACHABLE_CODE = YES;
				CLANG_WARN__DUPLICATE_METHOD_MATCH = YES;
				COPY_PHASE_STRIP = NO;
				DEBUG_INFORMATION_FORMAT = dwarf;
				ENABLE_STRICT_OBJC_MSGSEND = YES;
				ENABLE_TESTABILITY = YES;
				ENABLE_USER_SCRIPT_SANDBOXING = YES;
				GCC_C_LANGUAGE_STANDARD = gnu17;
				GCC_DYNAMIC_NO_PIC = NO;
				GCC_NO_COMMON_BLOCKS = YES;
				GCC_OPTIMIZATION_LEVEL = 0;
				GCC_PREPROCESSOR_DEFINITIONS = (
					"DEBUG=1",
					"$(inherited)",
				);
				GCC_WARN_64_TO_32_BIT_CONVERSION = YES;
				GCC_WARN_ABOUT_RETURN_TYPE = YES_ERROR;
				GCC_WARN_UNDECLARED_SELECTOR = YES;
				GCC_WARN_UNINITIALIZED_AUTOS = YES_AGGRESSIVE;
				GCC_WARN_UNUSED_FUNCTION = YES;
				GCC_WARN_UNUSED_VARIABLE = YES;
				IPHONEOS_DEPLOYMENT_TARGET = 17.4;
				LOCALIZATION_PREFERS_STRING_CATALOGS = YES;
				MTL_ENABLE_DEBUG_INFO = INCLUDE_SOURCE;
				MTL_FAST_MATH = YES;
				ONLY_ACTIVE_ARCH = YES;
				SDKROOT = iphoneos;
				SWIFT_ACTIVE_COMPILATION_CONDITIONS = "DEBUG $(inherited)";
				SWIFT_OPTIMIZATION_LEVEL = "-Onone";
			};
			name = Debug;
		};
		30E6D3DF2BD8110B00E31540 /* Release */ = {
			isa = XCBuildConfiguration;
			buildSettings = {
				ALWAYS_SEARCH_USER_PATHS = NO;
				ASSETCATALOG_COMPILER_GENERATE_SWIFT_ASSET_SYMBOL_EXTENSIONS = YES;
				CLANG_ANALYZER_NONNULL = YES;
				CLANG_ANALYZER_NUMBER_OBJECT_CONVERSION = YES_AGGRESSIVE;
				CLANG_CXX_LANGUAGE_STANDARD = "gnu++20";
				CLANG_ENABLE_MODULES = YES;
				CLANG_ENABLE_OBJC_ARC = YES;
				CLANG_ENABLE_OBJC_WEAK = YES;
				CLANG_WARN_BLOCK_CAPTURE_AUTORELEASING = YES;
				CLANG_WARN_BOOL_CONVERSION = YES;
				CLANG_WARN_COMMA = YES;
				CLANG_WARN_CONSTANT_CONVERSION = YES;
				CLANG_WARN_DEPRECATED_OBJC_IMPLEMENTATIONS = YES;
				CLANG_WARN_DIRECT_OBJC_ISA_USAGE = YES_ERROR;
				CLANG_WARN_DOCUMENTATION_COMMENTS = YES;
				CLANG_WARN_EMPTY_BODY = YES;
				CLANG_WARN_ENUM_CONVERSION = YES;
				CLANG_WARN_INFINITE_RECURSION = YES;
				CLANG_WARN_INT_CONVERSION = YES;
				CLANG_WARN_NON_LITERAL_NULL_CONVERSION = YES;
				CLANG_WARN_OBJC_IMPLICIT_RETAIN_SELF = YES;
				CLANG_WARN_OBJC_LITERAL_CONVERSION = YES;
				CLANG_WARN_OBJC_ROOT_CLASS = YES_ERROR;
				CLANG_WARN_QUOTED_INCLUDE_IN_FRAMEWORK_HEADER = YES;
				CLANG_WARN_RANGE_LOOP_ANALYSIS = YES;
				CLANG_WARN_STRICT_PROTOTYPES = YES;
				CLANG_WARN_SUSPICIOUS_MOVE = YES;
				CLANG_WARN_UNGUARDED_AVAILABILITY = YES_AGGRESSIVE;
				CLANG_WARN_UNREACHABLE_CODE = YES;
				CLANG_WARN__DUPLICATE_METHOD_MATCH = YES;
				COPY_PHASE_STRIP = NO;
				DEBUG_INFORMATION_FORMAT = "dwarf-with-dsym";
				ENABLE_NS_ASSERTIONS = NO;
				ENABLE_STRICT_OBJC_MSGSEND = YES;
				ENABLE_USER_SCRIPT_SANDBOXING = YES;
				GCC_C_LANGUAGE_STANDARD = gnu17;
				GCC_NO_COMMON_BLOCKS = YES;
				GCC_WARN_64_TO_32_BIT_CONVERSION = YES;
				GCC_WARN_ABOUT_RETURN_TYPE = YES_ERROR;
				GCC_WARN_UNDECLARED_SELECTOR = YES;
				GCC_WARN_UNINITIALIZED_AUTOS = YES_AGGRESSIVE;
				GCC_WARN_UNUSED_FUNCTION = YES;
				GCC_WARN_UNUSED_VARIABLE = YES;
				IPHONEOS_DEPLOYMENT_TARGET = 17.4;
				LOCALIZATION_PREFERS_STRING_CATALOGS = YES;
				MTL_ENABLE_DEBUG_INFO = NO;
				MTL_FAST_MATH = YES;
				SDKROOT = iphoneos;
				SWIFT_COMPILATION_MODE = wholemodule;
				VALIDATE_PRODUCT = YES;
			};
			name = Release;
		};
		30E6D3E12BD8110B00E31540 /* Debug */ = {
			isa = XCBuildConfiguration;
			buildSettings = {
				ASSETCATALOG_COMPILER_APPICON_NAME = AppIcon;
				ASSETCATALOG_COMPILER_GLOBAL_ACCENT_COLOR_NAME = AccentColor;
				CODE_SIGN_STYLE = Automatic;
				CURRENT_PROJECT_VERSION = 1;
				DEVELOPMENT_ASSET_PATHS = "\"pokedex/Preview Content\"";
				DEVELOPMENT_TEAM = AH8399ZQQN;
				ENABLE_PREVIEWS = YES;
				GENERATE_INFOPLIST_FILE = YES;
				INFOPLIST_FILE = pokedex/Info.plist;
				INFOPLIST_KEY_UIApplicationSceneManifest_Generation = YES;
				INFOPLIST_KEY_UIApplicationSupportsIndirectInputEvents = YES;
				INFOPLIST_KEY_UILaunchScreen_Generation = YES;
				INFOPLIST_KEY_UISupportedInterfaceOrientations_iPad = "UIInterfaceOrientationPortrait UIInterfaceOrientationPortraitUpsideDown UIInterfaceOrientationLandscapeLeft UIInterfaceOrientationLandscapeRight";
				INFOPLIST_KEY_UISupportedInterfaceOrientations_iPhone = "UIInterfaceOrientationPortrait UIInterfaceOrientationLandscapeLeft UIInterfaceOrientationLandscapeRight";
				LD_RUNPATH_SEARCH_PATHS = (
					"$(inherited)",
					"@executable_path/Frameworks",
				);
				MARKETING_VERSION = 1.0;
				PRODUCT_BUNDLE_IDENTIFIER = com.caiocnoronha.pokedex;
				PRODUCT_NAME = "$(TARGET_NAME)";
				SWIFT_EMIT_LOC_STRINGS = YES;
				SWIFT_VERSION = 5.0;
				TARGETED_DEVICE_FAMILY = "1,2";
			};
			name = Debug;
		};
		30E6D3E22BD8110B00E31540 /* Release */ = {
			isa = XCBuildConfiguration;
			buildSettings = {
				ASSETCATALOG_COMPILER_APPICON_NAME = AppIcon;
				ASSETCATALOG_COMPILER_GLOBAL_ACCENT_COLOR_NAME = AccentColor;
				CODE_SIGN_STYLE = Automatic;
				CURRENT_PROJECT_VERSION = 1;
				DEVELOPMENT_ASSET_PATHS = "\"pokedex/Preview Content\"";
				DEVELOPMENT_TEAM = AH8399ZQQN;
				ENABLE_PREVIEWS = YES;
				GENERATE_INFOPLIST_FILE = YES;
				INFOPLIST_FILE = pokedex/Info.plist;
				INFOPLIST_KEY_UIApplicationSceneManifest_Generation = YES;
				INFOPLIST_KEY_UIApplicationSupportsIndirectInputEvents = YES;
				INFOPLIST_KEY_UILaunchScreen_Generation = YES;
				INFOPLIST_KEY_UISupportedInterfaceOrientations_iPad = "UIInterfaceOrientationPortrait UIInterfaceOrientationPortraitUpsideDown UIInterfaceOrientationLandscapeLeft UIInterfaceOrientationLandscapeRight";
				INFOPLIST_KEY_UISupportedInterfaceOrientations_iPhone = "UIInterfaceOrientationPortrait UIInterfaceOrientationLandscapeLeft UIInterfaceOrientationLandscapeRight";
				LD_RUNPATH_SEARCH_PATHS = (
					"$(inherited)",
					"@executable_path/Frameworks",
				);
				MARKETING_VERSION = 1.0;
				PRODUCT_BUNDLE_IDENTIFIER = com.caiocnoronha.pokedex;
				PRODUCT_NAME = "$(TARGET_NAME)";
				SWIFT_EMIT_LOC_STRINGS = YES;
				SWIFT_VERSION = 5.0;
				TARGETED_DEVICE_FAMILY = "1,2";
			};
			name = Release;
		};
/* End XCBuildConfiguration section */

/* Begin XCConfigurationList section */
		30E6D3CD2BD8110700E31540 /* Build configuration list for PBXProject "pokedex" */ = {
			isa = XCConfigurationList;
			buildConfigurations = (
				30E6D3DE2BD8110B00E31540 /* Debug */,
				30E6D3DF2BD8110B00E31540 /* Release */,
			);
			defaultConfigurationIsVisible = 0;
			defaultConfigurationName = Release;
		};
		30E6D3E02BD8110B00E31540 /* Build configuration list for PBXNativeTarget "pokedex" */ = {
			isa = XCConfigurationList;
			buildConfigurations = (
				30E6D3E12BD8110B00E31540 /* Debug */,
				30E6D3E22BD8110B00E31540 /* Release */,
			);
			defaultConfigurationIsVisible = 0;
			defaultConfigurationName = Release;
		};
/* End XCConfigurationList section */
	};
	rootObject = 30E6D3CA2BD8110700E31540 /* Project object */;
}
